
Microsoft Visual Studio Solution File, Format Version 12.00
# Visual Studio Version 16
VisualStudioVersion = 16.0.30204.135
MinimumVisualStudioVersion = 10.0.40219.1
Project("{FAE04EC0-301F-11D3-BF4B-00C04F79EFBC}") = "MobChatApp.UWP", "MobChatApp\MobChatApp.UWP\MobChatApp.UWP.csproj", "{B161E894-185B-4CFB-9955-8AFE1043A080}"
EndProject
Project("{FAE04EC0-301F-11D3-BF4B-00C04F79EFBC}") = "MobChatApp.Android", "MobChatApp\MobChatApp.Android\MobChatApp.Android.csproj", "{34FFB108-10E8-4EEE-90DF-3496E387FB02}"
EndProject
Project("{FAE04EC0-301F-11D3-BF4B-00C04F79EFBC}") = "MobChatApp.iOS", "MobChatApp\MobChatApp.iOS\MobChatApp.iOS.csproj", "{B6EC8B84-5AEC-4DDE-B376-F4E5D8481575}"
EndProject
Project("{9A19103F-16F7-4668-BE54-9A1E7A4F7556}") = "MobChatApp", "MobChatApp\MobChatApp\MobChatApp.csproj", "{22C72052-BF65-4AA2-B682-80ACB163F36C}"
EndProject
Project("{2150E333-8FDC-42A3-9474-1A3956D46DE8}") = "0 - Presentation", "0 - Presentation", "{5AF46BCA-7B46-444E-8248-28A8AA8C2465}"
EndProject
Project("{2150E333-8FDC-42A3-9474-1A3956D46DE8}") = "1 - Application", "1 - Application", "{639029D6-773B-4773-953F-D90BE5BF9B2D}"
EndProject
Project("{2150E333-8FDC-42A3-9474-1A3956D46DE8}") = "2 - Domain", "2 - Domain", "{04BC3E08-5EE2-4180-B93F-7179507DCF9A}"
EndProject
Project("{2150E333-8FDC-42A3-9474-1A3956D46DE8}") = "3 - Infrastructure", "3 - Infrastructure", "{2C104FAD-A6D7-407F-BE3C-697396C29616}"
EndProject
Project("{2150E333-8FDC-42A3-9474-1A3956D46DE8}") = "CrossPlatform", "CrossPlatform", "{9283AE66-FF91-44BB-B973-FF7E583E9641}"
EndProject
Project("{9A19103F-16F7-4668-BE54-9A1E7A4F7556}") = "MobChat.Application", "MobChat.Application\MobChat.Application.csproj", "{6C36A839-B382-4983-9A82-494899C3CE37}"
EndProject
Project("{2150E333-8FDC-42A3-9474-1A3956D46DE8}") = "App", "App", "{297B8C2B-CE55-472A-BF79-E8B535249EF5}"
EndProject
Project("{2150E333-8FDC-42A3-9474-1A3956D46DE8}") = "Mobile", "Mobile", "{97691A46-1E6E-4C93-A6DF-DB9CC84320BB}"
EndProject
Project("{2150E333-8FDC-42A3-9474-1A3956D46DE8}") = "Web", "Web", "{FFDB46BE-9C29-46D2-902D-5CE40FD74A25}"
EndProject
Project("{2150E333-8FDC-42A3-9474-1A3956D46DE8}") = "Microservices", "Microservices", "{4DDA1737-B90F-44CD-AC7D-7D521C0C77D7}"
EndProject
Project("{2150E333-8FDC-42A3-9474-1A3956D46DE8}") = "Common", "Common", "{9550007D-686C-4AB6-8A57-D8516F59F935}"
EndProject
Project("{2150E333-8FDC-42A3-9474-1A3956D46DE8}") = "UserMicroservice", "UserMicroservice", "{986D31D7-A298-4A17-A02E-65262D1F2F20}"
EndProject
Project("{2150E333-8FDC-42A3-9474-1A3956D46DE8}") = "1 - Application", "1 - Application", "{1C24CE48-E1BE-4A40-B950-408BC6A9102E}"
EndProject
Project("{2150E333-8FDC-42A3-9474-1A3956D46DE8}") = "2 - Domain", "2 - Domain", "{9E53E800-A118-4FD0-8561-EC08CBF36C35}"
EndProject
Project("{2150E333-8FDC-42A3-9474-1A3956D46DE8}") = "3 - Infra", "3 - Infra", "{80105C79-686A-4C53-92A2-03FFBCAD767E}"
EndProject
Project("{9A19103F-16F7-4668-BE54-9A1E7A4F7556}") = "MobChat.UserMicroservice.Infra", "MobChat.UserMicroservice.Infra\MobChat.UserMicroservice.Infra.csproj", "{82366310-C773-4BE7-975C-FED3B8A1551A}"
EndProject
Project("{9A19103F-16F7-4668-BE54-9A1E7A4F7556}") = "MobChat.UserMicroservice.Domain", "MobChat.UserMicroservice.Domain\MobChat.UserMicroservice.Domain.csproj", "{F819CECB-18DD-4DD6-8CDF-B962E7A63FE4}"
EndProject
Project("{9A19103F-16F7-4668-BE54-9A1E7A4F7556}") = "MobChat.UserMicroservice.Api", "MobChat.UserMicroservice.Api\MobChat.UserMicroservice.Api.csproj", "{FE64E61B-D489-48D9-99BC-3B34C7D797B8}"
EndProject
Project("{9A19103F-16F7-4668-BE54-9A1E7A4F7556}") = "MobChat.Common.Domain", "MobChat.Common.Domain\MobChat.Common.Domain.csproj", "{F3F71F05-39EF-47E1-A51E-D0BF044391EF}"
EndProject
Project("{9A19103F-16F7-4668-BE54-9A1E7A4F7556}") = "MobChat.Common.Infra.DataAccess", "MobChat.Common.Infra.DataAccess\MobChat.Common.Infra.DataAccess.csproj", "{29D7354E-F2CC-441C-958E-8572566DFB6E}"
EndProject
Project("{9A19103F-16F7-4668-BE54-9A1E7A4F7556}") = "MobChat.Domain", "MobChat.Domain\MobChat.Domain.csproj", "{7CE55D73-E667-4F29-966A-3AF75E04D881}"
EndProject
Project("{9A19103F-16F7-4668-BE54-9A1E7A4F7556}") = "MobChat.Infra.AzureADB2C", "MobChat.Infra.AzureADB2C\MobChat.Infra.AzureADB2C.csproj", "{8155D658-FC21-4A4A-AE41-A08F39448C8A}"
EndProject
Project("{9A19103F-16F7-4668-BE54-9A1E7A4F7556}") = "MobChat.Infra.HttpService", "MobChat.Infra.HttpService\MobChat.Infra.HttpService.csproj", "{7558F2F3-5065-4BA5-99CE-3C4AE3C3E6F6}"
EndProject
Project("{9A19103F-16F7-4668-BE54-9A1E7A4F7556}") = "MobChat.Infra.StorageService", "MobChat.Infra.StorageService\MobChat.Infra.StorageService.csproj", "{988232BB-577C-45D8-AC88-411A058BFF39}"
EndProject
Project("{9A19103F-16F7-4668-BE54-9A1E7A4F7556}") = "MobChat.Infra.DataAccess", "MobChat.Infra.DataAccess\MobChat.Infra.DataAccess.csproj", "{23DDADF1-54FC-48C8-9673-59E3055362AE}"
EndProject
Project("{2150E333-8FDC-42A3-9474-1A3956D46DE8}") = "ChatMicroservice", "ChatMicroservice", "{9928865D-1C0A-4807-B03D-563D26BA13CF}"
EndProject
Project("{2150E333-8FDC-42A3-9474-1A3956D46DE8}") = "1 - Application", "1 - Application", "{996C861F-4B88-4F85-8E41-49469128EC1D}"
EndProject
Project("{2150E333-8FDC-42A3-9474-1A3956D46DE8}") = "2 - Domain", "2 - Domain", "{C0EAEED8-D6DE-4DBC-823E-01D6E87C92ED}"
EndProject
Project("{2150E333-8FDC-42A3-9474-1A3956D46DE8}") = "3 - Infra", "3 - Infra", "{33182EEA-1C2B-42BD-9C5C-1513D39FC092}"
EndProject
Project("{9A19103F-16F7-4668-BE54-9A1E7A4F7556}") = "MobChat.ChatMicroservice.Api", "MobChat.ChatMicroservice.Api\MobChat.ChatMicroservice.Api.csproj", "{D742CE53-B127-46C8-AE9E-C4CB9E69AB23}"
EndProject
Project("{9A19103F-16F7-4668-BE54-9A1E7A4F7556}") = "MobChat.ChatMicroservice.Domain", "MobChat.ChatMicroservice.Domain\MobChat.ChatMicroservice.Domain.csproj", "{20BFDEEA-7BF9-451D-A6D0-1ED8D98B16B6}"
EndProject
Project("{9A19103F-16F7-4668-BE54-9A1E7A4F7556}") = "MobChat.ChatMicroservice.Infra", "MobChat.ChatMicroservice.Infra\MobChat.ChatMicroservice.Infra.csproj", "{9EDAA320-920C-4743-81BB-3F8C27EA28AD}"
EndProject
Global
	GlobalSection(SolutionConfigurationPlatforms) = preSolution
		Debug|Any CPU = Debug|Any CPU
		Debug|ARM = Debug|ARM
		Debug|iPhone = Debug|iPhone
		Debug|iPhoneSimulator = Debug|iPhoneSimulator
		Debug|x64 = Debug|x64
		Debug|x86 = Debug|x86
		Release|Any CPU = Release|Any CPU
		Release|ARM = Release|ARM
		Release|iPhone = Release|iPhone
		Release|iPhoneSimulator = Release|iPhoneSimulator
		Release|x64 = Release|x64
		Release|x86 = Release|x86
	EndGlobalSection
	GlobalSection(ProjectConfigurationPlatforms) = postSolution
		{B161E894-185B-4CFB-9955-8AFE1043A080}.Debug|Any CPU.ActiveCfg = Debug|x86
		{B161E894-185B-4CFB-9955-8AFE1043A080}.Debug|Any CPU.Build.0 = Debug|x86
		{B161E894-185B-4CFB-9955-8AFE1043A080}.Debug|Any CPU.Deploy.0 = Debug|x86
		{B161E894-185B-4CFB-9955-8AFE1043A080}.Debug|ARM.ActiveCfg = Debug|ARM
		{B161E894-185B-4CFB-9955-8AFE1043A080}.Debug|ARM.Build.0 = Debug|ARM
		{B161E894-185B-4CFB-9955-8AFE1043A080}.Debug|ARM.Deploy.0 = Debug|ARM
		{B161E894-185B-4CFB-9955-8AFE1043A080}.Debug|iPhone.ActiveCfg = Debug|x86
		{B161E894-185B-4CFB-9955-8AFE1043A080}.Debug|iPhone.Build.0 = Debug|x86
		{B161E894-185B-4CFB-9955-8AFE1043A080}.Debug|iPhone.Deploy.0 = Debug|x86
		{B161E894-185B-4CFB-9955-8AFE1043A080}.Debug|iPhoneSimulator.ActiveCfg = Debug|x86
		{B161E894-185B-4CFB-9955-8AFE1043A080}.Debug|iPhoneSimulator.Build.0 = Debug|x86
		{B161E894-185B-4CFB-9955-8AFE1043A080}.Debug|iPhoneSimulator.Deploy.0 = Debug|x86
		{B161E894-185B-4CFB-9955-8AFE1043A080}.Debug|x64.ActiveCfg = Debug|x64
		{B161E894-185B-4CFB-9955-8AFE1043A080}.Debug|x64.Build.0 = Debug|x64
		{B161E894-185B-4CFB-9955-8AFE1043A080}.Debug|x64.Deploy.0 = Debug|x64
		{B161E894-185B-4CFB-9955-8AFE1043A080}.Debug|x86.ActiveCfg = Debug|x86
		{B161E894-185B-4CFB-9955-8AFE1043A080}.Debug|x86.Build.0 = Debug|x86
		{B161E894-185B-4CFB-9955-8AFE1043A080}.Debug|x86.Deploy.0 = Debug|x86
		{B161E894-185B-4CFB-9955-8AFE1043A080}.Release|Any CPU.ActiveCfg = Release|x86
		{B161E894-185B-4CFB-9955-8AFE1043A080}.Release|Any CPU.Build.0 = Release|x86
		{B161E894-185B-4CFB-9955-8AFE1043A080}.Release|Any CPU.Deploy.0 = Release|x86
		{B161E894-185B-4CFB-9955-8AFE1043A080}.Release|ARM.ActiveCfg = Release|ARM
		{B161E894-185B-4CFB-9955-8AFE1043A080}.Release|ARM.Build.0 = Release|ARM
		{B161E894-185B-4CFB-9955-8AFE1043A080}.Release|ARM.Deploy.0 = Release|ARM
		{B161E894-185B-4CFB-9955-8AFE1043A080}.Release|iPhone.ActiveCfg = Release|x86
		{B161E894-185B-4CFB-9955-8AFE1043A080}.Release|iPhone.Build.0 = Release|x86
		{B161E894-185B-4CFB-9955-8AFE1043A080}.Release|iPhone.Deploy.0 = Release|x86
		{B161E894-185B-4CFB-9955-8AFE1043A080}.Release|iPhoneSimulator.ActiveCfg = Release|x86
		{B161E894-185B-4CFB-9955-8AFE1043A080}.Release|iPhoneSimulator.Build.0 = Release|x86
		{B161E894-185B-4CFB-9955-8AFE1043A080}.Release|iPhoneSimulator.Deploy.0 = Release|x86
		{B161E894-185B-4CFB-9955-8AFE1043A080}.Release|x64.ActiveCfg = Release|x64
		{B161E894-185B-4CFB-9955-8AFE1043A080}.Release|x64.Build.0 = Release|x64
		{B161E894-185B-4CFB-9955-8AFE1043A080}.Release|x64.Deploy.0 = Release|x64
		{B161E894-185B-4CFB-9955-8AFE1043A080}.Release|x86.ActiveCfg = Release|x86
		{B161E894-185B-4CFB-9955-8AFE1043A080}.Release|x86.Build.0 = Release|x86
		{B161E894-185B-4CFB-9955-8AFE1043A080}.Release|x86.Deploy.0 = Release|x86
		{34FFB108-10E8-4EEE-90DF-3496E387FB02}.Debug|Any CPU.ActiveCfg = Debug|Any CPU
		{34FFB108-10E8-4EEE-90DF-3496E387FB02}.Debug|Any CPU.Build.0 = Debug|Any CPU
		{34FFB108-10E8-4EEE-90DF-3496E387FB02}.Debug|Any CPU.Deploy.0 = Debug|Any CPU
		{34FFB108-10E8-4EEE-90DF-3496E387FB02}.Debug|ARM.ActiveCfg = Debug|Any CPU
		{34FFB108-10E8-4EEE-90DF-3496E387FB02}.Debug|ARM.Build.0 = Debug|Any CPU
		{34FFB108-10E8-4EEE-90DF-3496E387FB02}.Debug|ARM.Deploy.0 = Debug|Any CPU
		{34FFB108-10E8-4EEE-90DF-3496E387FB02}.Debug|iPhone.ActiveCfg = Debug|Any CPU
		{34FFB108-10E8-4EEE-90DF-3496E387FB02}.Debug|iPhone.Build.0 = Debug|Any CPU
		{34FFB108-10E8-4EEE-90DF-3496E387FB02}.Debug|iPhone.Deploy.0 = Debug|Any CPU
		{34FFB108-10E8-4EEE-90DF-3496E387FB02}.Debug|iPhoneSimulator.ActiveCfg = Debug|Any CPU
		{34FFB108-10E8-4EEE-90DF-3496E387FB02}.Debug|iPhoneSimulator.Build.0 = Debug|Any CPU
		{34FFB108-10E8-4EEE-90DF-3496E387FB02}.Debug|iPhoneSimulator.Deploy.0 = Debug|Any CPU
		{34FFB108-10E8-4EEE-90DF-3496E387FB02}.Debug|x64.ActiveCfg = Debug|Any CPU
		{34FFB108-10E8-4EEE-90DF-3496E387FB02}.Debug|x64.Build.0 = Debug|Any CPU
		{34FFB108-10E8-4EEE-90DF-3496E387FB02}.Debug|x64.Deploy.0 = Debug|Any CPU
		{34FFB108-10E8-4EEE-90DF-3496E387FB02}.Debug|x86.ActiveCfg = Debug|Any CPU
		{34FFB108-10E8-4EEE-90DF-3496E387FB02}.Debug|x86.Build.0 = Debug|Any CPU
		{34FFB108-10E8-4EEE-90DF-3496E387FB02}.Debug|x86.Deploy.0 = Debug|Any CPU
		{34FFB108-10E8-4EEE-90DF-3496E387FB02}.Release|Any CPU.ActiveCfg = Release|Any CPU
		{34FFB108-10E8-4EEE-90DF-3496E387FB02}.Release|Any CPU.Build.0 = Release|Any CPU
		{34FFB108-10E8-4EEE-90DF-3496E387FB02}.Release|Any CPU.Deploy.0 = Release|Any CPU
		{34FFB108-10E8-4EEE-90DF-3496E387FB02}.Release|ARM.ActiveCfg = Release|Any CPU
		{34FFB108-10E8-4EEE-90DF-3496E387FB02}.Release|ARM.Build.0 = Release|Any CPU
		{34FFB108-10E8-4EEE-90DF-3496E387FB02}.Release|ARM.Deploy.0 = Release|Any CPU
		{34FFB108-10E8-4EEE-90DF-3496E387FB02}.Release|iPhone.ActiveCfg = Release|Any CPU
		{34FFB108-10E8-4EEE-90DF-3496E387FB02}.Release|iPhone.Build.0 = Release|Any CPU
		{34FFB108-10E8-4EEE-90DF-3496E387FB02}.Release|iPhone.Deploy.0 = Release|Any CPU
		{34FFB108-10E8-4EEE-90DF-3496E387FB02}.Release|iPhoneSimulator.ActiveCfg = Release|Any CPU
		{34FFB108-10E8-4EEE-90DF-3496E387FB02}.Release|iPhoneSimulator.Build.0 = Release|Any CPU
		{34FFB108-10E8-4EEE-90DF-3496E387FB02}.Release|iPhoneSimulator.Deploy.0 = Release|Any CPU
		{34FFB108-10E8-4EEE-90DF-3496E387FB02}.Release|x64.ActiveCfg = Release|Any CPU
		{34FFB108-10E8-4EEE-90DF-3496E387FB02}.Release|x64.Build.0 = Release|Any CPU
		{34FFB108-10E8-4EEE-90DF-3496E387FB02}.Release|x64.Deploy.0 = Release|Any CPU
		{34FFB108-10E8-4EEE-90DF-3496E387FB02}.Release|x86.ActiveCfg = Release|Any CPU
		{34FFB108-10E8-4EEE-90DF-3496E387FB02}.Release|x86.Build.0 = Release|Any CPU
		{34FFB108-10E8-4EEE-90DF-3496E387FB02}.Release|x86.Deploy.0 = Release|Any CPU
		{B6EC8B84-5AEC-4DDE-B376-F4E5D8481575}.Debug|Any CPU.ActiveCfg = Debug|iPhone
		{B6EC8B84-5AEC-4DDE-B376-F4E5D8481575}.Debug|Any CPU.Build.0 = Debug|iPhone
		{B6EC8B84-5AEC-4DDE-B376-F4E5D8481575}.Debug|Any CPU.Deploy.0 = Debug|iPhone
		{B6EC8B84-5AEC-4DDE-B376-F4E5D8481575}.Debug|ARM.ActiveCfg = Debug|iPhone
		{B6EC8B84-5AEC-4DDE-B376-F4E5D8481575}.Debug|ARM.Build.0 = Debug|iPhone
		{B6EC8B84-5AEC-4DDE-B376-F4E5D8481575}.Debug|ARM.Deploy.0 = Debug|iPhone
		{B6EC8B84-5AEC-4DDE-B376-F4E5D8481575}.Debug|iPhone.ActiveCfg = Debug|iPhone
		{B6EC8B84-5AEC-4DDE-B376-F4E5D8481575}.Debug|iPhone.Build.0 = Debug|iPhone
		{B6EC8B84-5AEC-4DDE-B376-F4E5D8481575}.Debug|iPhone.Deploy.0 = Debug|iPhone
		{B6EC8B84-5AEC-4DDE-B376-F4E5D8481575}.Debug|iPhoneSimulator.ActiveCfg = Debug|iPhoneSimulator
		{B6EC8B84-5AEC-4DDE-B376-F4E5D8481575}.Debug|iPhoneSimulator.Build.0 = Debug|iPhoneSimulator
		{B6EC8B84-5AEC-4DDE-B376-F4E5D8481575}.Debug|iPhoneSimulator.Deploy.0 = Debug|iPhoneSimulator
		{B6EC8B84-5AEC-4DDE-B376-F4E5D8481575}.Debug|x64.ActiveCfg = Debug|iPhone
		{B6EC8B84-5AEC-4DDE-B376-F4E5D8481575}.Debug|x64.Build.0 = Debug|iPhone
		{B6EC8B84-5AEC-4DDE-B376-F4E5D8481575}.Debug|x64.Deploy.0 = Debug|iPhone
		{B6EC8B84-5AEC-4DDE-B376-F4E5D8481575}.Debug|x86.ActiveCfg = Debug|iPhone
		{B6EC8B84-5AEC-4DDE-B376-F4E5D8481575}.Debug|x86.Build.0 = Debug|iPhone
		{B6EC8B84-5AEC-4DDE-B376-F4E5D8481575}.Debug|x86.Deploy.0 = Debug|iPhone
		{B6EC8B84-5AEC-4DDE-B376-F4E5D8481575}.Release|Any CPU.ActiveCfg = Release|iPhone
		{B6EC8B84-5AEC-4DDE-B376-F4E5D8481575}.Release|Any CPU.Build.0 = Release|iPhone
		{B6EC8B84-5AEC-4DDE-B376-F4E5D8481575}.Release|Any CPU.Deploy.0 = Release|iPhone
		{B6EC8B84-5AEC-4DDE-B376-F4E5D8481575}.Release|ARM.ActiveCfg = Release|iPhone
		{B6EC8B84-5AEC-4DDE-B376-F4E5D8481575}.Release|ARM.Build.0 = Release|iPhone
		{B6EC8B84-5AEC-4DDE-B376-F4E5D8481575}.Release|ARM.Deploy.0 = Release|iPhone
		{B6EC8B84-5AEC-4DDE-B376-F4E5D8481575}.Release|iPhone.ActiveCfg = Release|iPhone
		{B6EC8B84-5AEC-4DDE-B376-F4E5D8481575}.Release|iPhone.Build.0 = Release|iPhone
		{B6EC8B84-5AEC-4DDE-B376-F4E5D8481575}.Release|iPhone.Deploy.0 = Release|iPhone
		{B6EC8B84-5AEC-4DDE-B376-F4E5D8481575}.Release|iPhoneSimulator.ActiveCfg = Release|iPhoneSimulator
		{B6EC8B84-5AEC-4DDE-B376-F4E5D8481575}.Release|iPhoneSimulator.Build.0 = Release|iPhoneSimulator
		{B6EC8B84-5AEC-4DDE-B376-F4E5D8481575}.Release|iPhoneSimulator.Deploy.0 = Release|iPhoneSimulator
		{B6EC8B84-5AEC-4DDE-B376-F4E5D8481575}.Release|x64.ActiveCfg = Release|iPhone
		{B6EC8B84-5AEC-4DDE-B376-F4E5D8481575}.Release|x64.Build.0 = Release|iPhone
		{B6EC8B84-5AEC-4DDE-B376-F4E5D8481575}.Release|x64.Deploy.0 = Release|iPhone
		{B6EC8B84-5AEC-4DDE-B376-F4E5D8481575}.Release|x86.ActiveCfg = Release|iPhone
		{B6EC8B84-5AEC-4DDE-B376-F4E5D8481575}.Release|x86.Build.0 = Release|iPhone
		{B6EC8B84-5AEC-4DDE-B376-F4E5D8481575}.Release|x86.Deploy.0 = Release|iPhone
		{22C72052-BF65-4AA2-B682-80ACB163F36C}.Debug|Any CPU.ActiveCfg = Debug|Any CPU
		{22C72052-BF65-4AA2-B682-80ACB163F36C}.Debug|Any CPU.Build.0 = Debug|Any CPU
		{22C72052-BF65-4AA2-B682-80ACB163F36C}.Debug|Any CPU.Deploy.0 = Debug|Any CPU
		{22C72052-BF65-4AA2-B682-80ACB163F36C}.Debug|ARM.ActiveCfg = Debug|Any CPU
		{22C72052-BF65-4AA2-B682-80ACB163F36C}.Debug|ARM.Build.0 = Debug|Any CPU
		{22C72052-BF65-4AA2-B682-80ACB163F36C}.Debug|ARM.Deploy.0 = Debug|Any CPU
		{22C72052-BF65-4AA2-B682-80ACB163F36C}.Debug|iPhone.ActiveCfg = Debug|Any CPU
		{22C72052-BF65-4AA2-B682-80ACB163F36C}.Debug|iPhone.Build.0 = Debug|Any CPU
		{22C72052-BF65-4AA2-B682-80ACB163F36C}.Debug|iPhone.Deploy.0 = Debug|Any CPU
		{22C72052-BF65-4AA2-B682-80ACB163F36C}.Debug|iPhoneSimulator.ActiveCfg = Debug|Any CPU
		{22C72052-BF65-4AA2-B682-80ACB163F36C}.Debug|iPhoneSimulator.Build.0 = Debug|Any CPU
		{22C72052-BF65-4AA2-B682-80ACB163F36C}.Debug|iPhoneSimulator.Deploy.0 = Debug|Any CPU
		{22C72052-BF65-4AA2-B682-80ACB163F36C}.Debug|x64.ActiveCfg = Debug|Any CPU
		{22C72052-BF65-4AA2-B682-80ACB163F36C}.Debug|x64.Build.0 = Debug|Any CPU
		{22C72052-BF65-4AA2-B682-80ACB163F36C}.Debug|x64.Deploy.0 = Debug|Any CPU
		{22C72052-BF65-4AA2-B682-80ACB163F36C}.Debug|x86.ActiveCfg = Debug|Any CPU
		{22C72052-BF65-4AA2-B682-80ACB163F36C}.Debug|x86.Build.0 = Debug|Any CPU
		{22C72052-BF65-4AA2-B682-80ACB163F36C}.Debug|x86.Deploy.0 = Debug|Any CPU
		{22C72052-BF65-4AA2-B682-80ACB163F36C}.Release|Any CPU.ActiveCfg = Release|Any CPU
		{22C72052-BF65-4AA2-B682-80ACB163F36C}.Release|Any CPU.Build.0 = Release|Any CPU
		{22C72052-BF65-4AA2-B682-80ACB163F36C}.Release|Any CPU.Deploy.0 = Release|Any CPU
		{22C72052-BF65-4AA2-B682-80ACB163F36C}.Release|ARM.ActiveCfg = Release|Any CPU
		{22C72052-BF65-4AA2-B682-80ACB163F36C}.Release|ARM.Build.0 = Release|Any CPU
		{22C72052-BF65-4AA2-B682-80ACB163F36C}.Release|ARM.Deploy.0 = Release|Any CPU
		{22C72052-BF65-4AA2-B682-80ACB163F36C}.Release|iPhone.ActiveCfg = Release|Any CPU
		{22C72052-BF65-4AA2-B682-80ACB163F36C}.Release|iPhone.Build.0 = Release|Any CPU
		{22C72052-BF65-4AA2-B682-80ACB163F36C}.Release|iPhone.Deploy.0 = Release|Any CPU
		{22C72052-BF65-4AA2-B682-80ACB163F36C}.Release|iPhoneSimulator.ActiveCfg = Release|Any CPU
		{22C72052-BF65-4AA2-B682-80ACB163F36C}.Release|iPhoneSimulator.Build.0 = Release|Any CPU
		{22C72052-BF65-4AA2-B682-80ACB163F36C}.Release|iPhoneSimulator.Deploy.0 = Release|Any CPU
		{22C72052-BF65-4AA2-B682-80ACB163F36C}.Release|x64.ActiveCfg = Release|Any CPU
		{22C72052-BF65-4AA2-B682-80ACB163F36C}.Release|x64.Build.0 = Release|Any CPU
		{22C72052-BF65-4AA2-B682-80ACB163F36C}.Release|x64.Deploy.0 = Release|Any CPU
		{22C72052-BF65-4AA2-B682-80ACB163F36C}.Release|x86.ActiveCfg = Release|Any CPU
		{22C72052-BF65-4AA2-B682-80ACB163F36C}.Release|x86.Build.0 = Release|Any CPU
		{22C72052-BF65-4AA2-B682-80ACB163F36C}.Release|x86.Deploy.0 = Release|Any CPU
		{6C36A839-B382-4983-9A82-494899C3CE37}.Debug|Any CPU.ActiveCfg = Release|Any CPU
		{6C36A839-B382-4983-9A82-494899C3CE37}.Debug|Any CPU.Build.0 = Release|Any CPU
		{6C36A839-B382-4983-9A82-494899C3CE37}.Debug|ARM.ActiveCfg = Debug|Any CPU
		{6C36A839-B382-4983-9A82-494899C3CE37}.Debug|ARM.Build.0 = Debug|Any CPU
		{6C36A839-B382-4983-9A82-494899C3CE37}.Debug|iPhone.ActiveCfg = Debug|Any CPU
		{6C36A839-B382-4983-9A82-494899C3CE37}.Debug|iPhone.Build.0 = Debug|Any CPU
		{6C36A839-B382-4983-9A82-494899C3CE37}.Debug|iPhoneSimulator.ActiveCfg = Debug|Any CPU
		{6C36A839-B382-4983-9A82-494899C3CE37}.Debug|iPhoneSimulator.Build.0 = Debug|Any CPU
		{6C36A839-B382-4983-9A82-494899C3CE37}.Debug|x64.ActiveCfg = Debug|Any CPU
		{6C36A839-B382-4983-9A82-494899C3CE37}.Debug|x64.Build.0 = Debug|Any CPU
		{6C36A839-B382-4983-9A82-494899C3CE37}.Debug|x86.ActiveCfg = Debug|Any CPU
		{6C36A839-B382-4983-9A82-494899C3CE37}.Debug|x86.Build.0 = Debug|Any CPU
		{6C36A839-B382-4983-9A82-494899C3CE37}.Release|Any CPU.ActiveCfg = Release|Any CPU
		{6C36A839-B382-4983-9A82-494899C3CE37}.Release|Any CPU.Build.0 = Release|Any CPU
		{6C36A839-B382-4983-9A82-494899C3CE37}.Release|ARM.ActiveCfg = Release|Any CPU
		{6C36A839-B382-4983-9A82-494899C3CE37}.Release|ARM.Build.0 = Release|Any CPU
		{6C36A839-B382-4983-9A82-494899C3CE37}.Release|iPhone.ActiveCfg = Release|Any CPU
		{6C36A839-B382-4983-9A82-494899C3CE37}.Release|iPhone.Build.0 = Release|Any CPU
		{6C36A839-B382-4983-9A82-494899C3CE37}.Release|iPhoneSimulator.ActiveCfg = Release|Any CPU
		{6C36A839-B382-4983-9A82-494899C3CE37}.Release|iPhoneSimulator.Build.0 = Release|Any CPU
		{6C36A839-B382-4983-9A82-494899C3CE37}.Release|x64.ActiveCfg = Release|Any CPU
		{6C36A839-B382-4983-9A82-494899C3CE37}.Release|x64.Build.0 = Release|Any CPU
		{6C36A839-B382-4983-9A82-494899C3CE37}.Release|x86.ActiveCfg = Release|Any CPU
		{6C36A839-B382-4983-9A82-494899C3CE37}.Release|x86.Build.0 = Release|Any CPU
		{82366310-C773-4BE7-975C-FED3B8A1551A}.Debug|Any CPU.ActiveCfg = Debug|Any CPU
		{82366310-C773-4BE7-975C-FED3B8A1551A}.Debug|Any CPU.Build.0 = Debug|Any CPU
		{82366310-C773-4BE7-975C-FED3B8A1551A}.Debug|ARM.ActiveCfg = Debug|Any CPU
		{82366310-C773-4BE7-975C-FED3B8A1551A}.Debug|ARM.Build.0 = Debug|Any CPU
		{82366310-C773-4BE7-975C-FED3B8A1551A}.Debug|iPhone.ActiveCfg = Debug|Any CPU
		{82366310-C773-4BE7-975C-FED3B8A1551A}.Debug|iPhone.Build.0 = Debug|Any CPU
		{82366310-C773-4BE7-975C-FED3B8A1551A}.Debug|iPhoneSimulator.ActiveCfg = Debug|Any CPU
		{82366310-C773-4BE7-975C-FED3B8A1551A}.Debug|iPhoneSimulator.Build.0 = Debug|Any CPU
		{82366310-C773-4BE7-975C-FED3B8A1551A}.Debug|x64.ActiveCfg = Debug|Any CPU
		{82366310-C773-4BE7-975C-FED3B8A1551A}.Debug|x64.Build.0 = Debug|Any CPU
		{82366310-C773-4BE7-975C-FED3B8A1551A}.Debug|x86.ActiveCfg = Debug|Any CPU
		{82366310-C773-4BE7-975C-FED3B8A1551A}.Debug|x86.Build.0 = Debug|Any CPU
		{82366310-C773-4BE7-975C-FED3B8A1551A}.Release|Any CPU.ActiveCfg = Release|Any CPU
		{82366310-C773-4BE7-975C-FED3B8A1551A}.Release|Any CPU.Build.0 = Release|Any CPU
		{82366310-C773-4BE7-975C-FED3B8A1551A}.Release|ARM.ActiveCfg = Release|Any CPU
		{82366310-C773-4BE7-975C-FED3B8A1551A}.Release|ARM.Build.0 = Release|Any CPU
		{82366310-C773-4BE7-975C-FED3B8A1551A}.Release|iPhone.ActiveCfg = Release|Any CPU
		{82366310-C773-4BE7-975C-FED3B8A1551A}.Release|iPhone.Build.0 = Release|Any CPU
		{82366310-C773-4BE7-975C-FED3B8A1551A}.Release|iPhoneSimulator.ActiveCfg = Release|Any CPU
		{82366310-C773-4BE7-975C-FED3B8A1551A}.Release|iPhoneSimulator.Build.0 = Release|Any CPU
		{82366310-C773-4BE7-975C-FED3B8A1551A}.Release|x64.ActiveCfg = Release|Any CPU
		{82366310-C773-4BE7-975C-FED3B8A1551A}.Release|x64.Build.0 = Release|Any CPU
		{82366310-C773-4BE7-975C-FED3B8A1551A}.Release|x86.ActiveCfg = Release|Any CPU
		{82366310-C773-4BE7-975C-FED3B8A1551A}.Release|x86.Build.0 = Release|Any CPU
		{F819CECB-18DD-4DD6-8CDF-B962E7A63FE4}.Debug|Any CPU.ActiveCfg = Debug|Any CPU
		{F819CECB-18DD-4DD6-8CDF-B962E7A63FE4}.Debug|Any CPU.Build.0 = Debug|Any CPU
		{F819CECB-18DD-4DD6-8CDF-B962E7A63FE4}.Debug|ARM.ActiveCfg = Debug|Any CPU
		{F819CECB-18DD-4DD6-8CDF-B962E7A63FE4}.Debug|ARM.Build.0 = Debug|Any CPU
		{F819CECB-18DD-4DD6-8CDF-B962E7A63FE4}.Debug|iPhone.ActiveCfg = Debug|Any CPU
		{F819CECB-18DD-4DD6-8CDF-B962E7A63FE4}.Debug|iPhone.Build.0 = Debug|Any CPU
		{F819CECB-18DD-4DD6-8CDF-B962E7A63FE4}.Debug|iPhoneSimulator.ActiveCfg = Debug|Any CPU
		{F819CECB-18DD-4DD6-8CDF-B962E7A63FE4}.Debug|iPhoneSimulator.Build.0 = Debug|Any CPU
		{F819CECB-18DD-4DD6-8CDF-B962E7A63FE4}.Debug|x64.ActiveCfg = Debug|Any CPU
		{F819CECB-18DD-4DD6-8CDF-B962E7A63FE4}.Debug|x64.Build.0 = Debug|Any CPU
		{F819CECB-18DD-4DD6-8CDF-B962E7A63FE4}.Debug|x86.ActiveCfg = Debug|Any CPU
		{F819CECB-18DD-4DD6-8CDF-B962E7A63FE4}.Debug|x86.Build.0 = Debug|Any CPU
		{F819CECB-18DD-4DD6-8CDF-B962E7A63FE4}.Release|Any CPU.ActiveCfg = Release|Any CPU
		{F819CECB-18DD-4DD6-8CDF-B962E7A63FE4}.Release|Any CPU.Build.0 = Release|Any CPU
		{F819CECB-18DD-4DD6-8CDF-B962E7A63FE4}.Release|ARM.ActiveCfg = Release|Any CPU
		{F819CECB-18DD-4DD6-8CDF-B962E7A63FE4}.Release|ARM.Build.0 = Release|Any CPU
		{F819CECB-18DD-4DD6-8CDF-B962E7A63FE4}.Release|iPhone.ActiveCfg = Release|Any CPU
		{F819CECB-18DD-4DD6-8CDF-B962E7A63FE4}.Release|iPhone.Build.0 = Release|Any CPU
		{F819CECB-18DD-4DD6-8CDF-B962E7A63FE4}.Release|iPhoneSimulator.ActiveCfg = Release|Any CPU
		{F819CECB-18DD-4DD6-8CDF-B962E7A63FE4}.Release|iPhoneSimulator.Build.0 = Release|Any CPU
		{F819CECB-18DD-4DD6-8CDF-B962E7A63FE4}.Release|x64.ActiveCfg = Release|Any CPU
		{F819CECB-18DD-4DD6-8CDF-B962E7A63FE4}.Release|x64.Build.0 = Release|Any CPU
		{F819CECB-18DD-4DD6-8CDF-B962E7A63FE4}.Release|x86.ActiveCfg = Release|Any CPU
		{F819CECB-18DD-4DD6-8CDF-B962E7A63FE4}.Release|x86.Build.0 = Release|Any CPU
		{FE64E61B-D489-48D9-99BC-3B34C7D797B8}.Debug|Any CPU.ActiveCfg = Debug|Any CPU
		{FE64E61B-D489-48D9-99BC-3B34C7D797B8}.Debug|Any CPU.Build.0 = Debug|Any CPU
		{FE64E61B-D489-48D9-99BC-3B34C7D797B8}.Debug|ARM.ActiveCfg = Debug|Any CPU
		{FE64E61B-D489-48D9-99BC-3B34C7D797B8}.Debug|ARM.Build.0 = Debug|Any CPU
		{FE64E61B-D489-48D9-99BC-3B34C7D797B8}.Debug|iPhone.ActiveCfg = Debug|Any CPU
		{FE64E61B-D489-48D9-99BC-3B34C7D797B8}.Debug|iPhone.Build.0 = Debug|Any CPU
		{FE64E61B-D489-48D9-99BC-3B34C7D797B8}.Debug|iPhoneSimulator.ActiveCfg = Debug|Any CPU
		{FE64E61B-D489-48D9-99BC-3B34C7D797B8}.Debug|iPhoneSimulator.Build.0 = Debug|Any CPU
		{FE64E61B-D489-48D9-99BC-3B34C7D797B8}.Debug|x64.ActiveCfg = Debug|Any CPU
		{FE64E61B-D489-48D9-99BC-3B34C7D797B8}.Debug|x64.Build.0 = Debug|Any CPU
		{FE64E61B-D489-48D9-99BC-3B34C7D797B8}.Debug|x86.ActiveCfg = Debug|Any CPU
		{FE64E61B-D489-48D9-99BC-3B34C7D797B8}.Debug|x86.Build.0 = Debug|Any CPU
		{FE64E61B-D489-48D9-99BC-3B34C7D797B8}.Release|Any CPU.ActiveCfg = Release|Any CPU
		{FE64E61B-D489-48D9-99BC-3B34C7D797B8}.Release|Any CPU.Build.0 = Release|Any CPU
		{FE64E61B-D489-48D9-99BC-3B34C7D797B8}.Release|ARM.ActiveCfg = Release|Any CPU
		{FE64E61B-D489-48D9-99BC-3B34C7D797B8}.Release|ARM.Build.0 = Release|Any CPU
		{FE64E61B-D489-48D9-99BC-3B34C7D797B8}.Release|iPhone.ActiveCfg = Release|Any CPU
		{FE64E61B-D489-48D9-99BC-3B34C7D797B8}.Release|iPhone.Build.0 = Release|Any CPU
		{FE64E61B-D489-48D9-99BC-3B34C7D797B8}.Release|iPhoneSimulator.ActiveCfg = Release|Any CPU
		{FE64E61B-D489-48D9-99BC-3B34C7D797B8}.Release|iPhoneSimulator.Build.0 = Release|Any CPU
		{FE64E61B-D489-48D9-99BC-3B34C7D797B8}.Release|x64.ActiveCfg = Release|Any CPU
		{FE64E61B-D489-48D9-99BC-3B34C7D797B8}.Release|x64.Build.0 = Release|Any CPU
		{FE64E61B-D489-48D9-99BC-3B34C7D797B8}.Release|x86.ActiveCfg = Release|Any CPU
		{FE64E61B-D489-48D9-99BC-3B34C7D797B8}.Release|x86.Build.0 = Release|Any CPU
		{F3F71F05-39EF-47E1-A51E-D0BF044391EF}.Debug|Any CPU.ActiveCfg = Debug|Any CPU
		{F3F71F05-39EF-47E1-A51E-D0BF044391EF}.Debug|Any CPU.Build.0 = Debug|Any CPU
		{F3F71F05-39EF-47E1-A51E-D0BF044391EF}.Debug|ARM.ActiveCfg = Debug|Any CPU
		{F3F71F05-39EF-47E1-A51E-D0BF044391EF}.Debug|ARM.Build.0 = Debug|Any CPU
		{F3F71F05-39EF-47E1-A51E-D0BF044391EF}.Debug|iPhone.ActiveCfg = Debug|Any CPU
		{F3F71F05-39EF-47E1-A51E-D0BF044391EF}.Debug|iPhone.Build.0 = Debug|Any CPU
		{F3F71F05-39EF-47E1-A51E-D0BF044391EF}.Debug|iPhoneSimulator.ActiveCfg = Debug|Any CPU
		{F3F71F05-39EF-47E1-A51E-D0BF044391EF}.Debug|iPhoneSimulator.Build.0 = Debug|Any CPU
		{F3F71F05-39EF-47E1-A51E-D0BF044391EF}.Debug|x64.ActiveCfg = Debug|Any CPU
		{F3F71F05-39EF-47E1-A51E-D0BF044391EF}.Debug|x64.Build.0 = Debug|Any CPU
		{F3F71F05-39EF-47E1-A51E-D0BF044391EF}.Debug|x86.ActiveCfg = Debug|Any CPU
		{F3F71F05-39EF-47E1-A51E-D0BF044391EF}.Debug|x86.Build.0 = Debug|Any CPU
		{F3F71F05-39EF-47E1-A51E-D0BF044391EF}.Release|Any CPU.ActiveCfg = Release|Any CPU
		{F3F71F05-39EF-47E1-A51E-D0BF044391EF}.Release|Any CPU.Build.0 = Release|Any CPU
		{F3F71F05-39EF-47E1-A51E-D0BF044391EF}.Release|ARM.ActiveCfg = Release|Any CPU
		{F3F71F05-39EF-47E1-A51E-D0BF044391EF}.Release|ARM.Build.0 = Release|Any CPU
		{F3F71F05-39EF-47E1-A51E-D0BF044391EF}.Release|iPhone.ActiveCfg = Release|Any CPU
		{F3F71F05-39EF-47E1-A51E-D0BF044391EF}.Release|iPhone.Build.0 = Release|Any CPU
		{F3F71F05-39EF-47E1-A51E-D0BF044391EF}.Release|iPhoneSimulator.ActiveCfg = Release|Any CPU
		{F3F71F05-39EF-47E1-A51E-D0BF044391EF}.Release|iPhoneSimulator.Build.0 = Release|Any CPU
		{F3F71F05-39EF-47E1-A51E-D0BF044391EF}.Release|x64.ActiveCfg = Release|Any CPU
		{F3F71F05-39EF-47E1-A51E-D0BF044391EF}.Release|x64.Build.0 = Release|Any CPU
		{F3F71F05-39EF-47E1-A51E-D0BF044391EF}.Release|x86.ActiveCfg = Release|Any CPU
		{F3F71F05-39EF-47E1-A51E-D0BF044391EF}.Release|x86.Build.0 = Release|Any CPU
		{29D7354E-F2CC-441C-958E-8572566DFB6E}.Debug|Any CPU.ActiveCfg = Debug|Any CPU
		{29D7354E-F2CC-441C-958E-8572566DFB6E}.Debug|Any CPU.Build.0 = Debug|Any CPU
		{29D7354E-F2CC-441C-958E-8572566DFB6E}.Debug|ARM.ActiveCfg = Debug|Any CPU
		{29D7354E-F2CC-441C-958E-8572566DFB6E}.Debug|ARM.Build.0 = Debug|Any CPU
		{29D7354E-F2CC-441C-958E-8572566DFB6E}.Debug|iPhone.ActiveCfg = Debug|Any CPU
		{29D7354E-F2CC-441C-958E-8572566DFB6E}.Debug|iPhone.Build.0 = Debug|Any CPU
		{29D7354E-F2CC-441C-958E-8572566DFB6E}.Debug|iPhoneSimulator.ActiveCfg = Debug|Any CPU
		{29D7354E-F2CC-441C-958E-8572566DFB6E}.Debug|iPhoneSimulator.Build.0 = Debug|Any CPU
		{29D7354E-F2CC-441C-958E-8572566DFB6E}.Debug|x64.ActiveCfg = Debug|Any CPU
		{29D7354E-F2CC-441C-958E-8572566DFB6E}.Debug|x64.Build.0 = Debug|Any CPU
		{29D7354E-F2CC-441C-958E-8572566DFB6E}.Debug|x86.ActiveCfg = Debug|Any CPU
		{29D7354E-F2CC-441C-958E-8572566DFB6E}.Debug|x86.Build.0 = Debug|Any CPU
		{29D7354E-F2CC-441C-958E-8572566DFB6E}.Release|Any CPU.ActiveCfg = Release|Any CPU
		{29D7354E-F2CC-441C-958E-8572566DFB6E}.Release|Any CPU.Build.0 = Release|Any CPU
		{29D7354E-F2CC-441C-958E-8572566DFB6E}.Release|ARM.ActiveCfg = Release|Any CPU
		{29D7354E-F2CC-441C-958E-8572566DFB6E}.Release|ARM.Build.0 = Release|Any CPU
		{29D7354E-F2CC-441C-958E-8572566DFB6E}.Release|iPhone.ActiveCfg = Release|Any CPU
		{29D7354E-F2CC-441C-958E-8572566DFB6E}.Release|iPhone.Build.0 = Release|Any CPU
		{29D7354E-F2CC-441C-958E-8572566DFB6E}.Release|iPhoneSimulator.ActiveCfg = Release|Any CPU
		{29D7354E-F2CC-441C-958E-8572566DFB6E}.Release|iPhoneSimulator.Build.0 = Release|Any CPU
		{29D7354E-F2CC-441C-958E-8572566DFB6E}.Release|x64.ActiveCfg = Release|Any CPU
		{29D7354E-F2CC-441C-958E-8572566DFB6E}.Release|x64.Build.0 = Release|Any CPU
		{29D7354E-F2CC-441C-958E-8572566DFB6E}.Release|x86.ActiveCfg = Release|Any CPU
		{29D7354E-F2CC-441C-958E-8572566DFB6E}.Release|x86.Build.0 = Release|Any CPU
		{7CE55D73-E667-4F29-966A-3AF75E04D881}.Debug|Any CPU.ActiveCfg = Release|Any CPU
		{7CE55D73-E667-4F29-966A-3AF75E04D881}.Debug|Any CPU.Build.0 = Release|Any CPU
		{7CE55D73-E667-4F29-966A-3AF75E04D881}.Debug|ARM.ActiveCfg = Debug|Any CPU
		{7CE55D73-E667-4F29-966A-3AF75E04D881}.Debug|ARM.Build.0 = Debug|Any CPU
		{7CE55D73-E667-4F29-966A-3AF75E04D881}.Debug|iPhone.ActiveCfg = Debug|Any CPU
		{7CE55D73-E667-4F29-966A-3AF75E04D881}.Debug|iPhone.Build.0 = Debug|Any CPU
		{7CE55D73-E667-4F29-966A-3AF75E04D881}.Debug|iPhoneSimulator.ActiveCfg = Debug|Any CPU
		{7CE55D73-E667-4F29-966A-3AF75E04D881}.Debug|iPhoneSimulator.Build.0 = Debug|Any CPU
		{7CE55D73-E667-4F29-966A-3AF75E04D881}.Debug|x64.ActiveCfg = Debug|Any CPU
		{7CE55D73-E667-4F29-966A-3AF75E04D881}.Debug|x64.Build.0 = Debug|Any CPU
		{7CE55D73-E667-4F29-966A-3AF75E04D881}.Debug|x86.ActiveCfg = Debug|Any CPU
		{7CE55D73-E667-4F29-966A-3AF75E04D881}.Debug|x86.Build.0 = Debug|Any CPU
		{7CE55D73-E667-4F29-966A-3AF75E04D881}.Release|Any CPU.ActiveCfg = Release|Any CPU
		{7CE55D73-E667-4F29-966A-3AF75E04D881}.Release|Any CPU.Build.0 = Release|Any CPU
		{7CE55D73-E667-4F29-966A-3AF75E04D881}.Release|ARM.ActiveCfg = Release|Any CPU
		{7CE55D73-E667-4F29-966A-3AF75E04D881}.Release|ARM.Build.0 = Release|Any CPU
		{7CE55D73-E667-4F29-966A-3AF75E04D881}.Release|iPhone.ActiveCfg = Release|Any CPU
		{7CE55D73-E667-4F29-966A-3AF75E04D881}.Release|iPhone.Build.0 = Release|Any CPU
		{7CE55D73-E667-4F29-966A-3AF75E04D881}.Release|iPhoneSimulator.ActiveCfg = Release|Any CPU
		{7CE55D73-E667-4F29-966A-3AF75E04D881}.Release|iPhoneSimulator.Build.0 = Release|Any CPU
		{7CE55D73-E667-4F29-966A-3AF75E04D881}.Release|x64.ActiveCfg = Release|Any CPU
		{7CE55D73-E667-4F29-966A-3AF75E04D881}.Release|x64.Build.0 = Release|Any CPU
		{7CE55D73-E667-4F29-966A-3AF75E04D881}.Release|x86.ActiveCfg = Release|Any CPU
		{7CE55D73-E667-4F29-966A-3AF75E04D881}.Release|x86.Build.0 = Release|Any CPU
		{8155D658-FC21-4A4A-AE41-A08F39448C8A}.Debug|Any CPU.ActiveCfg = Debug|Any CPU
		{8155D658-FC21-4A4A-AE41-A08F39448C8A}.Debug|Any CPU.Build.0 = Debug|Any CPU
		{8155D658-FC21-4A4A-AE41-A08F39448C8A}.Debug|ARM.ActiveCfg = Debug|Any CPU
		{8155D658-FC21-4A4A-AE41-A08F39448C8A}.Debug|ARM.Build.0 = Debug|Any CPU
		{8155D658-FC21-4A4A-AE41-A08F39448C8A}.Debug|iPhone.ActiveCfg = Debug|Any CPU
		{8155D658-FC21-4A4A-AE41-A08F39448C8A}.Debug|iPhone.Build.0 = Debug|Any CPU
		{8155D658-FC21-4A4A-AE41-A08F39448C8A}.Debug|iPhoneSimulator.ActiveCfg = Debug|Any CPU
		{8155D658-FC21-4A4A-AE41-A08F39448C8A}.Debug|iPhoneSimulator.Build.0 = Debug|Any CPU
		{8155D658-FC21-4A4A-AE41-A08F39448C8A}.Debug|x64.ActiveCfg = Debug|Any CPU
		{8155D658-FC21-4A4A-AE41-A08F39448C8A}.Debug|x64.Build.0 = Debug|Any CPU
		{8155D658-FC21-4A4A-AE41-A08F39448C8A}.Debug|x86.ActiveCfg = Debug|Any CPU
		{8155D658-FC21-4A4A-AE41-A08F39448C8A}.Debug|x86.Build.0 = Debug|Any CPU
		{8155D658-FC21-4A4A-AE41-A08F39448C8A}.Release|Any CPU.ActiveCfg = Release|Any CPU
		{8155D658-FC21-4A4A-AE41-A08F39448C8A}.Release|Any CPU.Build.0 = Release|Any CPU
		{8155D658-FC21-4A4A-AE41-A08F39448C8A}.Release|ARM.ActiveCfg = Release|Any CPU
		{8155D658-FC21-4A4A-AE41-A08F39448C8A}.Release|ARM.Build.0 = Release|Any CPU
		{8155D658-FC21-4A4A-AE41-A08F39448C8A}.Release|iPhone.ActiveCfg = Release|Any CPU
		{8155D658-FC21-4A4A-AE41-A08F39448C8A}.Release|iPhone.Build.0 = Release|Any CPU
		{8155D658-FC21-4A4A-AE41-A08F39448C8A}.Release|iPhoneSimulator.ActiveCfg = Release|Any CPU
		{8155D658-FC21-4A4A-AE41-A08F39448C8A}.Release|iPhoneSimulator.Build.0 = Release|Any CPU
		{8155D658-FC21-4A4A-AE41-A08F39448C8A}.Release|x64.ActiveCfg = Release|Any CPU
		{8155D658-FC21-4A4A-AE41-A08F39448C8A}.Release|x64.Build.0 = Release|Any CPU
		{8155D658-FC21-4A4A-AE41-A08F39448C8A}.Release|x86.ActiveCfg = Release|Any CPU
		{8155D658-FC21-4A4A-AE41-A08F39448C8A}.Release|x86.Build.0 = Release|Any CPU
		{7558F2F3-5065-4BA5-99CE-3C4AE3C3E6F6}.Debug|Any CPU.ActiveCfg = Debug|Any CPU
		{7558F2F3-5065-4BA5-99CE-3C4AE3C3E6F6}.Debug|Any CPU.Build.0 = Debug|Any CPU
		{7558F2F3-5065-4BA5-99CE-3C4AE3C3E6F6}.Debug|ARM.ActiveCfg = Debug|Any CPU
		{7558F2F3-5065-4BA5-99CE-3C4AE3C3E6F6}.Debug|ARM.Build.0 = Debug|Any CPU
		{7558F2F3-5065-4BA5-99CE-3C4AE3C3E6F6}.Debug|iPhone.ActiveCfg = Debug|Any CPU
		{7558F2F3-5065-4BA5-99CE-3C4AE3C3E6F6}.Debug|iPhone.Build.0 = Debug|Any CPU
		{7558F2F3-5065-4BA5-99CE-3C4AE3C3E6F6}.Debug|iPhoneSimulator.ActiveCfg = Debug|Any CPU
		{7558F2F3-5065-4BA5-99CE-3C4AE3C3E6F6}.Debug|iPhoneSimulator.Build.0 = Debug|Any CPU
		{7558F2F3-5065-4BA5-99CE-3C4AE3C3E6F6}.Debug|x64.ActiveCfg = Debug|Any CPU
		{7558F2F3-5065-4BA5-99CE-3C4AE3C3E6F6}.Debug|x64.Build.0 = Debug|Any CPU
		{7558F2F3-5065-4BA5-99CE-3C4AE3C3E6F6}.Debug|x86.ActiveCfg = Debug|Any CPU
		{7558F2F3-5065-4BA5-99CE-3C4AE3C3E6F6}.Debug|x86.Build.0 = Debug|Any CPU
		{7558F2F3-5065-4BA5-99CE-3C4AE3C3E6F6}.Release|Any CPU.ActiveCfg = Release|Any CPU
		{7558F2F3-5065-4BA5-99CE-3C4AE3C3E6F6}.Release|Any CPU.Build.0 = Release|Any CPU
		{7558F2F3-5065-4BA5-99CE-3C4AE3C3E6F6}.Release|ARM.ActiveCfg = Release|Any CPU
		{7558F2F3-5065-4BA5-99CE-3C4AE3C3E6F6}.Release|ARM.Build.0 = Release|Any CPU
		{7558F2F3-5065-4BA5-99CE-3C4AE3C3E6F6}.Release|iPhone.ActiveCfg = Release|Any CPU
		{7558F2F3-5065-4BA5-99CE-3C4AE3C3E6F6}.Release|iPhone.Build.0 = Release|Any CPU
		{7558F2F3-5065-4BA5-99CE-3C4AE3C3E6F6}.Release|iPhoneSimulator.ActiveCfg = Release|Any CPU
		{7558F2F3-5065-4BA5-99CE-3C4AE3C3E6F6}.Release|iPhoneSimulator.Build.0 = Release|Any CPU
		{7558F2F3-5065-4BA5-99CE-3C4AE3C3E6F6}.Release|x64.ActiveCfg = Release|Any CPU
		{7558F2F3-5065-4BA5-99CE-3C4AE3C3E6F6}.Release|x64.Build.0 = Release|Any CPU
		{7558F2F3-5065-4BA5-99CE-3C4AE3C3E6F6}.Release|x86.ActiveCfg = Release|Any CPU
		{7558F2F3-5065-4BA5-99CE-3C4AE3C3E6F6}.Release|x86.Build.0 = Release|Any CPU
		{988232BB-577C-45D8-AC88-411A058BFF39}.Debug|Any CPU.ActiveCfg = Debug|Any CPU
		{988232BB-577C-45D8-AC88-411A058BFF39}.Debug|Any CPU.Build.0 = Debug|Any CPU
		{988232BB-577C-45D8-AC88-411A058BFF39}.Debug|ARM.ActiveCfg = Debug|Any CPU
		{988232BB-577C-45D8-AC88-411A058BFF39}.Debug|ARM.Build.0 = Debug|Any CPU
		{988232BB-577C-45D8-AC88-411A058BFF39}.Debug|iPhone.ActiveCfg = Debug|Any CPU
		{988232BB-577C-45D8-AC88-411A058BFF39}.Debug|iPhone.Build.0 = Debug|Any CPU
		{988232BB-577C-45D8-AC88-411A058BFF39}.Debug|iPhoneSimulator.ActiveCfg = Debug|Any CPU
		{988232BB-577C-45D8-AC88-411A058BFF39}.Debug|iPhoneSimulator.Build.0 = Debug|Any CPU
		{988232BB-577C-45D8-AC88-411A058BFF39}.Debug|x64.ActiveCfg = Debug|Any CPU
		{988232BB-577C-45D8-AC88-411A058BFF39}.Debug|x64.Build.0 = Debug|Any CPU
		{988232BB-577C-45D8-AC88-411A058BFF39}.Debug|x86.ActiveCfg = Debug|Any CPU
		{988232BB-577C-45D8-AC88-411A058BFF39}.Debug|x86.Build.0 = Debug|Any CPU
		{988232BB-577C-45D8-AC88-411A058BFF39}.Release|Any CPU.ActiveCfg = Release|Any CPU
		{988232BB-577C-45D8-AC88-411A058BFF39}.Release|Any CPU.Build.0 = Release|Any CPU
		{988232BB-577C-45D8-AC88-411A058BFF39}.Release|ARM.ActiveCfg = Release|Any CPU
		{988232BB-577C-45D8-AC88-411A058BFF39}.Release|ARM.Build.0 = Release|Any CPU
		{988232BB-577C-45D8-AC88-411A058BFF39}.Release|iPhone.ActiveCfg = Release|Any CPU
		{988232BB-577C-45D8-AC88-411A058BFF39}.Release|iPhone.Build.0 = Release|Any CPU
		{988232BB-577C-45D8-AC88-411A058BFF39}.Release|iPhoneSimulator.ActiveCfg = Release|Any CPU
		{988232BB-577C-45D8-AC88-411A058BFF39}.Release|iPhoneSimulator.Build.0 = Release|Any CPU
		{988232BB-577C-45D8-AC88-411A058BFF39}.Release|x64.ActiveCfg = Release|Any CPU
		{988232BB-577C-45D8-AC88-411A058BFF39}.Release|x64.Build.0 = Release|Any CPU
		{988232BB-577C-45D8-AC88-411A058BFF39}.Release|x86.ActiveCfg = Release|Any CPU
		{988232BB-577C-45D8-AC88-411A058BFF39}.Release|x86.Build.0 = Release|Any CPU
		{23DDADF1-54FC-48C8-9673-59E3055362AE}.Debug|Any CPU.ActiveCfg = Debug|Any CPU
		{23DDADF1-54FC-48C8-9673-59E3055362AE}.Debug|Any CPU.Build.0 = Debug|Any CPU
		{23DDADF1-54FC-48C8-9673-59E3055362AE}.Debug|ARM.ActiveCfg = Debug|Any CPU
		{23DDADF1-54FC-48C8-9673-59E3055362AE}.Debug|ARM.Build.0 = Debug|Any CPU
		{23DDADF1-54FC-48C8-9673-59E3055362AE}.Debug|iPhone.ActiveCfg = Debug|Any CPU
		{23DDADF1-54FC-48C8-9673-59E3055362AE}.Debug|iPhone.Build.0 = Debug|Any CPU
		{23DDADF1-54FC-48C8-9673-59E3055362AE}.Debug|iPhoneSimulator.ActiveCfg = Debug|Any CPU
		{23DDADF1-54FC-48C8-9673-59E3055362AE}.Debug|iPhoneSimulator.Build.0 = Debug|Any CPU
		{23DDADF1-54FC-48C8-9673-59E3055362AE}.Debug|x64.ActiveCfg = Debug|Any CPU
		{23DDADF1-54FC-48C8-9673-59E3055362AE}.Debug|x64.Build.0 = Debug|Any CPU
		{23DDADF1-54FC-48C8-9673-59E3055362AE}.Debug|x86.ActiveCfg = Debug|Any CPU
		{23DDADF1-54FC-48C8-9673-59E3055362AE}.Debug|x86.Build.0 = Debug|Any CPU
		{23DDADF1-54FC-48C8-9673-59E3055362AE}.Release|Any CPU.ActiveCfg = Release|Any CPU
		{23DDADF1-54FC-48C8-9673-59E3055362AE}.Release|Any CPU.Build.0 = Release|Any CPU
		{23DDADF1-54FC-48C8-9673-59E3055362AE}.Release|ARM.ActiveCfg = Release|Any CPU
		{23DDADF1-54FC-48C8-9673-59E3055362AE}.Release|ARM.Build.0 = Release|Any CPU
		{23DDADF1-54FC-48C8-9673-59E3055362AE}.Release|iPhone.ActiveCfg = Release|Any CPU
		{23DDADF1-54FC-48C8-9673-59E3055362AE}.Release|iPhone.Build.0 = Release|Any CPU
		{23DDADF1-54FC-48C8-9673-59E3055362AE}.Release|iPhoneSimulator.ActiveCfg = Release|Any CPU
		{23DDADF1-54FC-48C8-9673-59E3055362AE}.Release|iPhoneSimulator.Build.0 = Release|Any CPU
		{23DDADF1-54FC-48C8-9673-59E3055362AE}.Release|x64.ActiveCfg = Release|Any CPU
		{23DDADF1-54FC-48C8-9673-59E3055362AE}.Release|x64.Build.0 = Release|Any CPU
		{23DDADF1-54FC-48C8-9673-59E3055362AE}.Release|x86.ActiveCfg = Release|Any CPU
		{23DDADF1-54FC-48C8-9673-59E3055362AE}.Release|x86.Build.0 = Release|Any CPU
		{D742CE53-B127-46C8-AE9E-C4CB9E69AB23}.Debug|Any CPU.ActiveCfg = Debug|Any CPU
		{D742CE53-B127-46C8-AE9E-C4CB9E69AB23}.Debug|Any CPU.Build.0 = Debug|Any CPU
		{D742CE53-B127-46C8-AE9E-C4CB9E69AB23}.Debug|ARM.ActiveCfg = Debug|Any CPU
		{D742CE53-B127-46C8-AE9E-C4CB9E69AB23}.Debug|ARM.Build.0 = Debug|Any CPU
		{D742CE53-B127-46C8-AE9E-C4CB9E69AB23}.Debug|iPhone.ActiveCfg = Debug|Any CPU
		{D742CE53-B127-46C8-AE9E-C4CB9E69AB23}.Debug|iPhone.Build.0 = Debug|Any CPU
		{D742CE53-B127-46C8-AE9E-C4CB9E69AB23}.Debug|iPhoneSimulator.ActiveCfg = Debug|Any CPU
		{D742CE53-B127-46C8-AE9E-C4CB9E69AB23}.Debug|iPhoneSimulator.Build.0 = Debug|Any CPU
		{D742CE53-B127-46C8-AE9E-C4CB9E69AB23}.Debug|x64.ActiveCfg = Debug|Any CPU
		{D742CE53-B127-46C8-AE9E-C4CB9E69AB23}.Debug|x64.Build.0 = Debug|Any CPU
		{D742CE53-B127-46C8-AE9E-C4CB9E69AB23}.Debug|x86.ActiveCfg = Debug|Any CPU
		{D742CE53-B127-46C8-AE9E-C4CB9E69AB23}.Debug|x86.Build.0 = Debug|Any CPU
		{D742CE53-B127-46C8-AE9E-C4CB9E69AB23}.Release|Any CPU.ActiveCfg = Release|Any CPU
		{D742CE53-B127-46C8-AE9E-C4CB9E69AB23}.Release|Any CPU.Build.0 = Release|Any CPU
		{D742CE53-B127-46C8-AE9E-C4CB9E69AB23}.Release|ARM.ActiveCfg = Release|Any CPU
		{D742CE53-B127-46C8-AE9E-C4CB9E69AB23}.Release|ARM.Build.0 = Release|Any CPU
		{D742CE53-B127-46C8-AE9E-C4CB9E69AB23}.Release|iPhone.ActiveCfg = Release|Any CPU
		{D742CE53-B127-46C8-AE9E-C4CB9E69AB23}.Release|iPhone.Build.0 = Release|Any CPU
		{D742CE53-B127-46C8-AE9E-C4CB9E69AB23}.Release|iPhoneSimulator.ActiveCfg = Release|Any CPU
		{D742CE53-B127-46C8-AE9E-C4CB9E69AB23}.Release|iPhoneSimulator.Build.0 = Release|Any CPU
		{D742CE53-B127-46C8-AE9E-C4CB9E69AB23}.Release|x64.ActiveCfg = Release|Any CPU
		{D742CE53-B127-46C8-AE9E-C4CB9E69AB23}.Release|x64.Build.0 = Release|Any CPU
		{D742CE53-B127-46C8-AE9E-C4CB9E69AB23}.Release|x86.ActiveCfg = Release|Any CPU
		{D742CE53-B127-46C8-AE9E-C4CB9E69AB23}.Release|x86.Build.0 = Release|Any CPU
		{20BFDEEA-7BF9-451D-A6D0-1ED8D98B16B6}.Debug|Any CPU.ActiveCfg = Debug|Any CPU
		{20BFDEEA-7BF9-451D-A6D0-1ED8D98B16B6}.Debug|Any CPU.Build.0 = Debug|Any CPU
		{20BFDEEA-7BF9-451D-A6D0-1ED8D98B16B6}.Debug|ARM.ActiveCfg = Debug|Any CPU
		{20BFDEEA-7BF9-451D-A6D0-1ED8D98B16B6}.Debug|ARM.Build.0 = Debug|Any CPU
		{20BFDEEA-7BF9-451D-A6D0-1ED8D98B16B6}.Debug|iPhone.ActiveCfg = Debug|Any CPU
		{20BFDEEA-7BF9-451D-A6D0-1ED8D98B16B6}.Debug|iPhone.Build.0 = Debug|Any CPU
		{20BFDEEA-7BF9-451D-A6D0-1ED8D98B16B6}.Debug|iPhoneSimulator.ActiveCfg = Debug|Any CPU
		{20BFDEEA-7BF9-451D-A6D0-1ED8D98B16B6}.Debug|iPhoneSimulator.Build.0 = Debug|Any CPU
		{20BFDEEA-7BF9-451D-A6D0-1ED8D98B16B6}.Debug|x64.ActiveCfg = Debug|Any CPU
		{20BFDEEA-7BF9-451D-A6D0-1ED8D98B16B6}.Debug|x64.Build.0 = Debug|Any CPU
		{20BFDEEA-7BF9-451D-A6D0-1ED8D98B16B6}.Debug|x86.ActiveCfg = Debug|Any CPU
		{20BFDEEA-7BF9-451D-A6D0-1ED8D98B16B6}.Debug|x86.Build.0 = Debug|Any CPU
		{20BFDEEA-7BF9-451D-A6D0-1ED8D98B16B6}.Release|Any CPU.ActiveCfg = Release|Any CPU
		{20BFDEEA-7BF9-451D-A6D0-1ED8D98B16B6}.Release|Any CPU.Build.0 = Release|Any CPU
		{20BFDEEA-7BF9-451D-A6D0-1ED8D98B16B6}.Release|ARM.ActiveCfg = Release|Any CPU
		{20BFDEEA-7BF9-451D-A6D0-1ED8D98B16B6}.Release|ARM.Build.0 = Release|Any CPU
		{20BFDEEA-7BF9-451D-A6D0-1ED8D98B16B6}.Release|iPhone.ActiveCfg = Release|Any CPU
		{20BFDEEA-7BF9-451D-A6D0-1ED8D98B16B6}.Release|iPhone.Build.0 = Release|Any CPU
		{20BFDEEA-7BF9-451D-A6D0-1ED8D98B16B6}.Release|iPhoneSimulator.ActiveCfg = Release|Any CPU
		{20BFDEEA-7BF9-451D-A6D0-1ED8D98B16B6}.Release|iPhoneSimulator.Build.0 = Release|Any CPU
		{20BFDEEA-7BF9-451D-A6D0-1ED8D98B16B6}.Release|x64.ActiveCfg = Release|Any CPU
		{20BFDEEA-7BF9-451D-A6D0-1ED8D98B16B6}.Release|x64.Build.0 = Release|Any CPU
		{20BFDEEA-7BF9-451D-A6D0-1ED8D98B16B6}.Release|x86.ActiveCfg = Release|Any CPU
		{20BFDEEA-7BF9-451D-A6D0-1ED8D98B16B6}.Release|x86.Build.0 = Release|Any CPU
		{9EDAA320-920C-4743-81BB-3F8C27EA28AD}.Debug|Any CPU.ActiveCfg = Debug|Any CPU
		{9EDAA320-920C-4743-81BB-3F8C27EA28AD}.Debug|Any CPU.Build.0 = Debug|Any CPU
		{9EDAA320-920C-4743-81BB-3F8C27EA28AD}.Debug|ARM.ActiveCfg = Debug|Any CPU
		{9EDAA320-920C-4743-81BB-3F8C27EA28AD}.Debug|ARM.Build.0 = Debug|Any CPU
		{9EDAA320-920C-4743-81BB-3F8C27EA28AD}.Debug|iPhone.ActiveCfg = Debug|Any CPU
		{9EDAA320-920C-4743-81BB-3F8C27EA28AD}.Debug|iPhone.Build.0 = Debug|Any CPU
		{9EDAA320-920C-4743-81BB-3F8C27EA28AD}.Debug|iPhoneSimulator.ActiveCfg = Debug|Any CPU
		{9EDAA320-920C-4743-81BB-3F8C27EA28AD}.Debug|iPhoneSimulator.Build.0 = Debug|Any CPU
		{9EDAA320-920C-4743-81BB-3F8C27EA28AD}.Debug|x64.ActiveCfg = Debug|Any CPU
		{9EDAA320-920C-4743-81BB-3F8C27EA28AD}.Debug|x64.Build.0 = Debug|Any CPU
		{9EDAA320-920C-4743-81BB-3F8C27EA28AD}.Debug|x86.ActiveCfg = Debug|Any CPU
		{9EDAA320-920C-4743-81BB-3F8C27EA28AD}.Debug|x86.Build.0 = Debug|Any CPU
		{9EDAA320-920C-4743-81BB-3F8C27EA28AD}.Release|Any CPU.ActiveCfg = Release|Any CPU
		{9EDAA320-920C-4743-81BB-3F8C27EA28AD}.Release|Any CPU.Build.0 = Release|Any CPU
		{9EDAA320-920C-4743-81BB-3F8C27EA28AD}.Release|ARM.ActiveCfg = Release|Any CPU
		{9EDAA320-920C-4743-81BB-3F8C27EA28AD}.Release|ARM.Build.0 = Release|Any CPU
		{9EDAA320-920C-4743-81BB-3F8C27EA28AD}.Release|iPhone.ActiveCfg = Release|Any CPU
		{9EDAA320-920C-4743-81BB-3F8C27EA28AD}.Release|iPhone.Build.0 = Release|Any CPU
		{9EDAA320-920C-4743-81BB-3F8C27EA28AD}.Release|iPhoneSimulator.ActiveCfg = Release|Any CPU
		{9EDAA320-920C-4743-81BB-3F8C27EA28AD}.Release|iPhoneSimulator.Build.0 = Release|Any CPU
		{9EDAA320-920C-4743-81BB-3F8C27EA28AD}.Release|x64.ActiveCfg = Release|Any CPU
		{9EDAA320-920C-4743-81BB-3F8C27EA28AD}.Release|x64.Build.0 = Release|Any CPU
		{9EDAA320-920C-4743-81BB-3F8C27EA28AD}.Release|x86.ActiveCfg = Release|Any CPU
		{9EDAA320-920C-4743-81BB-3F8C27EA28AD}.Release|x86.Build.0 = Release|Any CPU
	EndGlobalSection
	GlobalSection(SolutionProperties) = preSolution
		HideSolutionNode = FALSE
	EndGlobalSection
	GlobalSection(NestedProjects) = preSolution
		{B161E894-185B-4CFB-9955-8AFE1043A080} = {9283AE66-FF91-44BB-B973-FF7E583E9641}
		{34FFB108-10E8-4EEE-90DF-3496E387FB02} = {9283AE66-FF91-44BB-B973-FF7E583E9641}
		{B6EC8B84-5AEC-4DDE-B376-F4E5D8481575} = {9283AE66-FF91-44BB-B973-FF7E583E9641}
		{22C72052-BF65-4AA2-B682-80ACB163F36C} = {9283AE66-FF91-44BB-B973-FF7E583E9641}
		{5AF46BCA-7B46-444E-8248-28A8AA8C2465} = {97691A46-1E6E-4C93-A6DF-DB9CC84320BB}
		{639029D6-773B-4773-953F-D90BE5BF9B2D} = {97691A46-1E6E-4C93-A6DF-DB9CC84320BB}
		{04BC3E08-5EE2-4180-B93F-7179507DCF9A} = {97691A46-1E6E-4C93-A6DF-DB9CC84320BB}
		{2C104FAD-A6D7-407F-BE3C-697396C29616} = {97691A46-1E6E-4C93-A6DF-DB9CC84320BB}
		{9283AE66-FF91-44BB-B973-FF7E583E9641} = {5AF46BCA-7B46-444E-8248-28A8AA8C2465}
		{6C36A839-B382-4983-9A82-494899C3CE37} = {639029D6-773B-4773-953F-D90BE5BF9B2D}
		{97691A46-1E6E-4C93-A6DF-DB9CC84320BB} = {297B8C2B-CE55-472A-BF79-E8B535249EF5}
		{FFDB46BE-9C29-46D2-902D-5CE40FD74A25} = {297B8C2B-CE55-472A-BF79-E8B535249EF5}
		{986D31D7-A298-4A17-A02E-65262D1F2F20} = {4DDA1737-B90F-44CD-AC7D-7D521C0C77D7}
		{1C24CE48-E1BE-4A40-B950-408BC6A9102E} = {986D31D7-A298-4A17-A02E-65262D1F2F20}
		{9E53E800-A118-4FD0-8561-EC08CBF36C35} = {986D31D7-A298-4A17-A02E-65262D1F2F20}
		{80105C79-686A-4C53-92A2-03FFBCAD767E} = {986D31D7-A298-4A17-A02E-65262D1F2F20}
		{82366310-C773-4BE7-975C-FED3B8A1551A} = {80105C79-686A-4C53-92A2-03FFBCAD767E}
		{F819CECB-18DD-4DD6-8CDF-B962E7A63FE4} = {9E53E800-A118-4FD0-8561-EC08CBF36C35}
		{FE64E61B-D489-48D9-99BC-3B34C7D797B8} = {1C24CE48-E1BE-4A40-B950-408BC6A9102E}
		{F3F71F05-39EF-47E1-A51E-D0BF044391EF} = {9550007D-686C-4AB6-8A57-D8516F59F935}
		{29D7354E-F2CC-441C-958E-8572566DFB6E} = {9550007D-686C-4AB6-8A57-D8516F59F935}
		{7CE55D73-E667-4F29-966A-3AF75E04D881} = {04BC3E08-5EE2-4180-B93F-7179507DCF9A}
		{8155D658-FC21-4A4A-AE41-A08F39448C8A} = {2C104FAD-A6D7-407F-BE3C-697396C29616}
		{7558F2F3-5065-4BA5-99CE-3C4AE3C3E6F6} = {2C104FAD-A6D7-407F-BE3C-697396C29616}
		{988232BB-577C-45D8-AC88-411A058BFF39} = {2C104FAD-A6D7-407F-BE3C-697396C29616}
		{23DDADF1-54FC-48C8-9673-59E3055362AE} = {2C104FAD-A6D7-407F-BE3C-697396C29616}
		{9928865D-1C0A-4807-B03D-563D26BA13CF} = {4DDA1737-B90F-44CD-AC7D-7D521C0C77D7}
		{996C861F-4B88-4F85-8E41-49469128EC1D} = {9928865D-1C0A-4807-B03D-563D26BA13CF}
		{C0EAEED8-D6DE-4DBC-823E-01D6E87C92ED} = {9928865D-1C0A-4807-B03D-563D26BA13CF}
		{33182EEA-1C2B-42BD-9C5C-1513D39FC092} = {9928865D-1C0A-4807-B03D-563D26BA13CF}
		{D742CE53-B127-46C8-AE9E-C4CB9E69AB23} = {996C861F-4B88-4F85-8E41-49469128EC1D}
		{20BFDEEA-7BF9-451D-A6D0-1ED8D98B16B6} = {C0EAEED8-D6DE-4DBC-823E-01D6E87C92ED}
		{9EDAA320-920C-4743-81BB-3F8C27EA28AD} = {33182EEA-1C2B-42BD-9C5C-1513D39FC092}
	EndGlobalSection
	GlobalSection(ExtensibilityGlobals) = postSolution
		SolutionGuid = {454B2A2A-314D-482F-85C8-DEEF8EA8AD28}
	EndGlobalSection
EndGlobal
